
Microsoft Visual Studio Solution File, Format Version 12.00
# Visual Studio Version 17
VisualStudioVersion = 17.2.32516.85
MinimumVisualStudioVersion = 10.0.40219.1
Project("{8BC9CEB8-8B4A-11D0-8D11-00A0C91BC942}") = "SDL_Event", "SDL_Event.vcxproj", "{F3E857F7-6F5F-476C-B4F3-60A285EC6048}"
EndProject
Global
	GlobalSection(SolutionConfigurationPlatforms) = preSolution
		Debug|x64 = Debug|x64
		Debug|x86 = Debug|x86
		Release|x64 = Release|x64
		Release|x86 = Release|x86
	EndGlobalSection
	GlobalSection(ProjectConfigurationPlatforms) = postSolution
		{F3E857F7-6F5F-476C-B4F3-60A285EC6048}.Debug|x64.ActiveCfg = Debug|x64
		{F3E857F7-6F5F-476C-B4F3-60A285EC6048}.Debug|x64.Build.0 = Debug|x64
		{F3E857F7-6F5F-476C-B4F3-60A285EC6048}.Debug|x86.ActiveCfg = Debug|Win32
		{F3E857F7-6F5F-476C-B4F3-60A285EC6048}.Debug|x86.Build.0 = Debug|Win32
		{F3E857F7-6F5F-476C-B4F3-60A285EC6048}.Release|x64.ActiveCfg = Release|x64
		{F3E857F7-6F5F-476C-B4F3-60A285EC6048}.Release|x64.Build.0 = Release|x64
		{F3E857F7-6F5F-476C-B4F3-60A285EC6048}.Release|x86.ActiveCfg = Release|Win32
		{F3E857F7-6F5F-476C-B4F3-60A285EC6048}.Release|x86.Build.0 = Release|Win32
	EndGlobalSection
	GlobalSection(SolutionProperties) = preSolution
		HideSolutionNode = FALSE
	EndGlobalSection
	GlobalSection(ExtensibilityGlobals) = postSolution
		SolutionGuid = {D662C777-A3DC-424F-9D96-41062CDFB13B}
	EndGlobalSection
EndGlobal
