
Microsoft Visual Studio Solution File, Format Version 12.00
# Visual Studio Version 17
VisualStudioVersion = 17.1.32421.90
MinimumVisualStudioVersion = 10.0.40219.1
Project("{8BC9CEB8-8B4A-11D0-8D11-00A0C91BC942}") = "Hello World", "Hello World.vcxproj", "{BAEA658B-E1A3-46A0-B69A-5EB152544606}"
EndProject
Global
	GlobalSection(SolutionConfigurationPlatforms) = preSolution
		Debug|x64 = Debug|x64
		Debug|x86 = Debug|x86
		Release|x64 = Release|x64
		Release|x86 = Release|x86
	EndGlobalSection
	GlobalSection(ProjectConfigurationPlatforms) = postSolution
		{BAEA658B-E1A3-46A0-B69A-5EB152544606}.Debug|x64.ActiveCfg = Debug|x64
		{BAEA658B-E1A3-46A0-B69A-5EB152544606}.Debug|x64.Build.0 = Debug|x64
		{BAEA658B-E1A3-46A0-B69A-5EB152544606}.Debug|x86.ActiveCfg = Debug|Win32
		{BAEA658B-E1A3-46A0-B69A-5EB152544606}.Debug|x86.Build.0 = Debug|Win32
		{BAEA658B-E1A3-46A0-B69A-5EB152544606}.Release|x64.ActiveCfg = Release|x64
		{BAEA658B-E1A3-46A0-B69A-5EB152544606}.Release|x64.Build.0 = Release|x64
		{BAEA658B-E1A3-46A0-B69A-5EB152544606}.Release|x86.ActiveCfg = Release|Win32
		{BAEA658B-E1A3-46A0-B69A-5EB152544606}.Release|x86.Build.0 = Release|Win32
	EndGlobalSection
	GlobalSection(SolutionProperties) = preSolution
		HideSolutionNode = FALSE
	EndGlobalSection
	GlobalSection(ExtensibilityGlobals) = postSolution
		SolutionGuid = {A2DE02C9-39F5-4C40-BFCC-8FF3FCF15E5C}
	EndGlobalSection
EndGlobal
